
Microsoft Visual Studio Solution File, Format Version 12.00
# Visual Studio Version 17
VisualStudioVersion = 17.5.33516.290
MinimumVisualStudioVersion = 10.0.40219.1
Project("{FAE04EC0-301F-11D3-BF4B-00C04F79EFBC}") = "EmptyASPNETCore", "EmptyASPNETCore\EmptyASPNETCore.csproj", "{265F316B-A5D3-4C72-89B9-2A4A331D297C}"
EndProject
Global
	GlobalSection(SolutionConfigurationPlatforms) = preSolution
		Debug|Any CPU = Debug|Any CPU
		Release|Any CPU = Release|Any CPU
	EndGlobalSection
	GlobalSection(ProjectConfigurationPlatforms) = postSolution
		{265F316B-A5D3-4C72-89B9-2A4A331D297C}.Debug|Any CPU.ActiveCfg = Debug|Any CPU
		{265F316B-A5D3-4C72-89B9-2A4A331D297C}.Debug|Any CPU.Build.0 = Debug|Any CPU
		{265F316B-A5D3-4C72-89B9-2A4A331D297C}.Release|Any CPU.ActiveCfg = Release|Any CPU
		{265F316B-A5D3-4C72-89B9-2A4A331D297C}.Release|Any CPU.Build.0 = Release|Any CPU
	EndGlobalSection
	GlobalSection(SolutionProperties) = preSolution
		HideSolutionNode = FALSE
	EndGlobalSection
	GlobalSection(ExtensibilityGlobals) = postSolution
		SolutionGuid = {161C2D95-2ADE-4FFC-93C6-DDF6A6B41B7F}
	EndGlobalSection
EndGlobal
